<?xml version="1.0" encoding="utf-8"?>
<Project ToolsVersion="4.0" xmlns="http://schemas.microsoft.com/developer/msbuild/2003">
  <ItemGroup>
    <Filter Include="creator">
      <UniqueIdentifier>{761df24b-e49b-4d58-89be-aa9ec9eece0a}</UniqueIdentifier>
    </Filter>
  </ItemGroup>
  <ItemGroup>
    <ClCompile Include="..\creator\main.cpp">
      <Filter>creator</Filter>
    </ClCompile>
  </ItemGroup>
</Project>